
Microsoft Visual Studio Solution File, Format Version 12.00
# Visual Studio Version 17
VisualStudioVersion = 17.0.32112.339
MinimumVisualStudioVersion = 10.0.40219.1
Project("{FAE04EC0-301F-11D3-BF4B-00C04F79EFBC}") = "PhoneStore5", "PhoneStore5\PhoneStore5.csproj", "{0866691C-9BB0-42E3-A989-52616314D08B}"
EndProject
Global
	GlobalSection(SolutionConfigurationPlatforms) = preSolution
		Debug|Any CPU = Debug|Any CPU
		Release|Any CPU = Release|Any CPU
	EndGlobalSection
	GlobalSection(ProjectConfigurationPlatforms) = postSolution
		{0866691C-9BB0-42E3-A989-52616314D08B}.Debug|Any CPU.ActiveCfg = Debug|Any CPU
		{0866691C-9BB0-42E3-A989-52616314D08B}.Debug|Any CPU.Build.0 = Debug|Any CPU
		{0866691C-9BB0-42E3-A989-52616314D08B}.Release|Any CPU.ActiveCfg = Release|Any CPU
		{0866691C-9BB0-42E3-A989-52616314D08B}.Release|Any CPU.Build.0 = Release|Any CPU
	EndGlobalSection
	GlobalSection(SolutionProperties) = preSolution
		HideSolutionNode = FALSE
	EndGlobalSection
	GlobalSection(ExtensibilityGlobals) = postSolution
		SolutionGuid = {F56D27E8-DCC7-44D8-8CAC-707F124661DB}
	EndGlobalSection
EndGlobal
